
Microsoft Visual Studio Solution File, Format Version 12.00
# Visual Studio Version 16
VisualStudioVersion = 16.0.29926.136
MinimumVisualStudioVersion = 10.0.40219.1
Project("{FAE04EC0-301F-11D3-BF4B-00C04F79EFBC}") = "FivePD-StreetRace", "FivePD-StreetRace\FivePD-StreetRace.csproj", "{FAAFB9D6-AFCA-427E-99F1-08F6912B1DAD}"
EndProject
Global
	GlobalSection(SolutionConfigurationPlatforms) = preSolution
		Debug|Any CPU = Debug|Any CPU
		Release|Any CPU = Release|Any CPU
	EndGlobalSection
	GlobalSection(ProjectConfigurationPlatforms) = postSolution
		{FAAFB9D6-AFCA-427E-99F1-08F6912B1DAD}.Debug|Any CPU.ActiveCfg = Debug|Any CPU
		{FAAFB9D6-AFCA-427E-99F1-08F6912B1DAD}.Debug|Any CPU.Build.0 = Debug|Any CPU
		{FAAFB9D6-AFCA-427E-99F1-08F6912B1DAD}.Release|Any CPU.ActiveCfg = Release|Any CPU
		{FAAFB9D6-AFCA-427E-99F1-08F6912B1DAD}.Release|Any CPU.Build.0 = Release|Any CPU
	EndGlobalSection
	GlobalSection(SolutionProperties) = preSolution
		HideSolutionNode = FALSE
	EndGlobalSection
	GlobalSection(ExtensibilityGlobals) = postSolution
		SolutionGuid = {A620AF32-D28C-40DB-91DC-22E12DD9021B}
	EndGlobalSection
EndGlobal
